
Microsoft Visual Studio Solution File, Format Version 12.00
# Visual Studio Version 17
VisualStudioVersion = 17.0.31903.59
MinimumVisualStudioVersion = 10.0.40219.1
Project("{2150E333-8FDC-42A3-9474-1A3956D46DE8}") = "src", "src", "{827E0CD3-B72D-47B6-A68D-7590B98EB39B}"
EndProject
Project("{FAE04EC0-301F-11D3-BF4B-00C04F79EFBC}") = "Clicky.App", "src\Clicky.App\Clicky.App.csproj", "{538EF8C2-4D5A-4385-8E73-B4210A4B4A02}"
EndProject
Project("{FAE04EC0-301F-11D3-BF4B-00C04F79EFBC}") = "Clicky.Core", "src\Clicky.Core\Clicky.Core.csproj", "{593E0F2C-C378-4B24-86B7-40710437783C}"
EndProject
Project("{FAE04EC0-301F-11D3-BF4B-00C04F79EFBC}") = "Clicky.Capture", "src\Clicky.Capture\Clicky.Capture.csproj", "{44BE47B1-F078-40C2-9D8F-27328D77840D}"
EndProject
Project("{FAE04EC0-301F-11D3-BF4B-00C04F79EFBC}") = "Clicky.Overlay", "src\Clicky.Overlay\Clicky.Overlay.csproj", "{52AA981F-3FF0-4DDB-B296-3D98D8753B13}"
EndProject
Project("{FAE04EC0-301F-11D3-BF4B-00C04F79EFBC}") = "Clicky.Services", "src\Clicky.Services\Clicky.Services.csproj", "{FE42B0FE-460D-4FBB-80F0-3ED9731102D8}"
EndProject
Project("{FAE04EC0-301F-11D3-BF4B-00C04F79EFBC}") = "Clicky.Tests", "src\Clicky.Tests\Clicky.Tests.csproj", "{C2A08B8E-FA35-4E2E-92FD-1C75DB352F2C}"
EndProject
Global
	GlobalSection(SolutionConfigurationPlatforms) = preSolution
		Debug|Any CPU = Debug|Any CPU
		Debug|x64 = Debug|x64
		Debug|x86 = Debug|x86
		Release|Any CPU = Release|Any CPU
		Release|x64 = Release|x64
		Release|x86 = Release|x86
	EndGlobalSection
	GlobalSection(ProjectConfigurationPlatforms) = postSolution
		{538EF8C2-4D5A-4385-8E73-B4210A4B4A02}.Debug|Any CPU.ActiveCfg = Debug|Any CPU
		{538EF8C2-4D5A-4385-8E73-B4210A4B4A02}.Debug|Any CPU.Build.0 = Debug|Any CPU
		{538EF8C2-4D5A-4385-8E73-B4210A4B4A02}.Debug|x64.ActiveCfg = Debug|Any CPU
		{538EF8C2-4D5A-4385-8E73-B4210A4B4A02}.Debug|x64.Build.0 = Debug|Any CPU
		{538EF8C2-4D5A-4385-8E73-B4210A4B4A02}.Debug|x86.ActiveCfg = Debug|Any CPU
		{538EF8C2-4D5A-4385-8E73-B4210A4B4A02}.Debug|x86.Build.0 = Debug|Any CPU
		{538EF8C2-4D5A-4385-8E73-B4210A4B4A02}.Release|Any CPU.ActiveCfg = Release|Any CPU
		{538EF8C2-4D5A-4385-8E73-B4210A4B4A02}.Release|Any CPU.Build.0 = Release|Any CPU
		{538EF8C2-4D5A-4385-8E73-B4210A4B4A02}.Release|x64.ActiveCfg = Release|Any CPU
		{538EF8C2-4D5A-4385-8E73-B4210A4B4A02}.Release|x64.Build.0 = Release|Any CPU
		{538EF8C2-4D5A-4385-8E73-B4210A4B4A02}.Release|x86.ActiveCfg = Release|Any CPU
		{538EF8C2-4D5A-4385-8E73-B4210A4B4A02}.Release|x86.Build.0 = Release|Any CPU
		{593E0F2C-C378-4B24-86B7-40710437783C}.Debug|Any CPU.ActiveCfg = Debug|Any CPU
		{593E0F2C-C378-4B24-86B7-40710437783C}.Debug|Any CPU.Build.0 = Debug|Any CPU
		{593E0F2C-C378-4B24-86B7-40710437783C}.Debug|x64.ActiveCfg = Debug|Any CPU
		{593E0F2C-C378-4B24-86B7-40710437783C}.Debug|x64.Build.0 = Debug|Any CPU
		{593E0F2C-C378-4B24-86B7-40710437783C}.Debug|x86.ActiveCfg = Debug|Any CPU
		{593E0F2C-C378-4B24-86B7-40710437783C}.Debug|x86.Build.0 = Debug|Any CPU
		{593E0F2C-C378-4B24-86B7-40710437783C}.Release|Any CPU.ActiveCfg = Release|Any CPU
		{593E0F2C-C378-4B24-86B7-40710437783C}.Release|Any CPU.Build.0 = Release|Any CPU
		{593E0F2C-C378-4B24-86B7-40710437783C}.Release|x64.ActiveCfg = Release|Any CPU
		{593E0F2C-C378-4B24-86B7-40710437783C}.Release|x64.Build.0 = Release|Any CPU
		{593E0F2C-C378-4B24-86B7-40710437783C}.Release|x86.ActiveCfg = Release|Any CPU
		{593E0F2C-C378-4B24-86B7-40710437783C}.Release|x86.Build.0 = Release|Any CPU
		{44BE47B1-F078-40C2-9D8F-27328D77840D}.Debug|Any CPU.ActiveCfg = Debug|Any CPU
		{44BE47B1-F078-40C2-9D8F-27328D77840D}.Debug|Any CPU.Build.0 = Debug|Any CPU
		{44BE47B1-F078-40C2-9D8F-27328D77840D}.Debug|x64.ActiveCfg = Debug|Any CPU
		{44BE47B1-F078-40C2-9D8F-27328D77840D}.Debug|x64.Build.0 = Debug|Any CPU
		{44BE47B1-F078-40C2-9D8F-27328D77840D}.Debug|x86.ActiveCfg = Debug|Any CPU
		{44BE47B1-F078-40C2-9D8F-27328D77840D}.Debug|x86.Build.0 = Debug|Any CPU
		{44BE47B1-F078-40C2-9D8F-27328D77840D}.Release|Any CPU.ActiveCfg = Release|Any CPU
		{44BE47B1-F078-40C2-9D8F-27328D77840D}.Release|Any CPU.Build.0 = Release|Any CPU
		{44BE47B1-F078-40C2-9D8F-27328D77840D}.Release|x64.ActiveCfg = Release|Any CPU
		{44BE47B1-F078-40C2-9D8F-27328D77840D}.Release|x64.Build.0 = Release|Any CPU
		{44BE47B1-F078-40C2-9D8F-27328D77840D}.Release|x86.ActiveCfg = Release|Any CPU
		{44BE47B1-F078-40C2-9D8F-27328D77840D}.Release|x86.Build.0 = Release|Any CPU
		{52AA981F-3FF0-4DDB-B296-3D98D8753B13}.Debug|Any CPU.ActiveCfg = Debug|Any CPU
		{52AA981F-3FF0-4DDB-B296-3D98D8753B13}.Debug|Any CPU.Build.0 = Debug|Any CPU
		{52AA981F-3FF0-4DDB-B296-3D98D8753B13}.Debug|x64.ActiveCfg = Debug|Any CPU
		{52AA981F-3FF0-4DDB-B296-3D98D8753B13}.Debug|x64.Build.0 = Debug|Any CPU
		{52AA981F-3FF0-4DDB-B296-3D98D8753B13}.Debug|x86.ActiveCfg = Debug|Any CPU
		{52AA981F-3FF0-4DDB-B296-3D98D8753B13}.Debug|x86.Build.0 = Debug|Any CPU
		{52AA981F-3FF0-4DDB-B296-3D98D8753B13}.Release|Any CPU.ActiveCfg = Release|Any CPU
		{52AA981F-3FF0-4DDB-B296-3D98D8753B13}.Release|Any CPU.Build.0 = Release|Any CPU
		{52AA981F-3FF0-4DDB-B296-3D98D8753B13}.Release|x64.ActiveCfg = Release|Any CPU
		{52AA981F-3FF0-4DDB-B296-3D98D8753B13}.Release|x64.Build.0 = Release|Any CPU
		{52AA981F-3FF0-4DDB-B296-3D98D8753B13}.Release|x86.ActiveCfg = Release|Any CPU
		{52AA981F-3FF0-4DDB-B296-3D98D8753B13}.Release|x86.Build.0 = Release|Any CPU
		{FE42B0FE-460D-4FBB-80F0-3ED9731102D8}.Debug|Any CPU.ActiveCfg = Debug|Any CPU
		{FE42B0FE-460D-4FBB-80F0-3ED9731102D8}.Debug|Any CPU.Build.0 = Debug|Any CPU
		{FE42B0FE-460D-4FBB-80F0-3ED9731102D8}.Debug|x64.ActiveCfg = Debug|Any CPU
		{FE42B0FE-460D-4FBB-80F0-3ED9731102D8}.Debug|x64.Build.0 = Debug|Any CPU
		{FE42B0FE-460D-4FBB-80F0-3ED9731102D8}.Debug|x86.ActiveCfg = Debug|Any CPU
		{FE42B0FE-460D-4FBB-80F0-3ED9731102D8}.Debug|x86.Build.0 = Debug|Any CPU
		{FE42B0FE-460D-4FBB-80F0-3ED9731102D8}.Release|Any CPU.ActiveCfg = Release|Any CPU
		{FE42B0FE-460D-4FBB-80F0-3ED9731102D8}.Release|Any CPU.Build.0 = Release|Any CPU
		{FE42B0FE-460D-4FBB-80F0-3ED9731102D8}.Release|x64.ActiveCfg = Release|Any CPU
		{FE42B0FE-460D-4FBB-80F0-3ED9731102D8}.Release|x64.Build.0 = Release|Any CPU
		{FE42B0FE-460D-4FBB-80F0-3ED9731102D8}.Release|x86.ActiveCfg = Release|Any CPU
		{FE42B0FE-460D-4FBB-80F0-3ED9731102D8}.Release|x86.Build.0 = Release|Any CPU
		{C2A08B8E-FA35-4E2E-92FD-1C75DB352F2C}.Debug|Any CPU.ActiveCfg = Debug|Any CPU
		{C2A08B8E-FA35-4E2E-92FD-1C75DB352F2C}.Debug|Any CPU.Build.0 = Debug|Any CPU
		{C2A08B8E-FA35-4E2E-92FD-1C75DB352F2C}.Debug|x64.ActiveCfg = Debug|Any CPU
		{C2A08B8E-FA35-4E2E-92FD-1C75DB352F2C}.Debug|x64.Build.0 = Debug|Any CPU
		{C2A08B8E-FA35-4E2E-92FD-1C75DB352F2C}.Debug|x86.ActiveCfg = Debug|Any CPU
		{C2A08B8E-FA35-4E2E-92FD-1C75DB352F2C}.Debug|x86.Build.0 = Debug|Any CPU
		{C2A08B8E-FA35-4E2E-92FD-1C75DB352F2C}.Release|Any CPU.ActiveCfg = Release|Any CPU
		{C2A08B8E-FA35-4E2E-92FD-1C75DB352F2C}.Release|Any CPU.Build.0 = Release|Any CPU
		{C2A08B8E-FA35-4E2E-92FD-1C75DB352F2C}.Release|x64.ActiveCfg = Release|Any CPU
		{C2A08B8E-FA35-4E2E-92FD-1C75DB352F2C}.Release|x64.Build.0 = Release|Any CPU
		{C2A08B8E-FA35-4E2E-92FD-1C75DB352F2C}.Release|x86.ActiveCfg = Release|Any CPU
		{C2A08B8E-FA35-4E2E-92FD-1C75DB352F2C}.Release|x86.Build.0 = Release|Any CPU
	EndGlobalSection
	GlobalSection(SolutionProperties) = preSolution
		HideSolutionNode = FALSE
	EndGlobalSection
	GlobalSection(NestedProjects) = preSolution
		{538EF8C2-4D5A-4385-8E73-B4210A4B4A02} = {827E0CD3-B72D-47B6-A68D-7590B98EB39B}
		{593E0F2C-C378-4B24-86B7-40710437783C} = {827E0CD3-B72D-47B6-A68D-7590B98EB39B}
		{44BE47B1-F078-40C2-9D8F-27328D77840D} = {827E0CD3-B72D-47B6-A68D-7590B98EB39B}
		{52AA981F-3FF0-4DDB-B296-3D98D8753B13} = {827E0CD3-B72D-47B6-A68D-7590B98EB39B}
		{FE42B0FE-460D-4FBB-80F0-3ED9731102D8} = {827E0CD3-B72D-47B6-A68D-7590B98EB39B}
		{C2A08B8E-FA35-4E2E-92FD-1C75DB352F2C} = {827E0CD3-B72D-47B6-A68D-7590B98EB39B}
	EndGlobalSection
EndGlobal
